// !$*UTF8*$!
{
	archiveVersion = 1;
	classes = {
	};
	objectVersion = 56;
	objects = {

/* Begin PBXBuildFile section */
		074D7B072CC3091E00E6F897 /* DotEnv in Frameworks */ = {isa = PBXBuildFile; productRef = 074D7B062CC3091E00E6F897 /* DotEnv */; };
		079D224A2BA69A46006EE736 /* TravelCompanionApp.swift in Sources */ = {isa = PBXBuildFile; fileRef = 079D22492BA69A46006EE736 /* TravelCompanionApp.swift */; };
		079D224C2BA69A46006EE736 /* ContentView.swift in Sources */ = {isa = PBXBuildFile; fileRef = 079D224B2BA69A46006EE736 /* ContentView.swift */; };
		079D224E2BA69A49006EE736 /* Assets.xcassets in Resources */ = {isa = PBXBuildFile; fileRef = 079D224D2BA69A49006EE736 /* Assets.xcassets */; };
		079D22512BA69A49006EE736 /* Preview Assets.xcassets in Resources */ = {isa = PBXBuildFile; fileRef = 079D22502BA69A49006EE736 /* Preview Assets.xcassets */; };
		07A766B72CEC0DE7008A7AAA /* .env in Resources */ = {isa = PBXBuildFile; fileRef = 07A766B62CEC0DE7008A7AAA /* .env */; };
		07C885832BA72D2B00366DD6 /* TripModel.swift in Sources */ = {isa = PBXBuildFile; fileRef = 07C885822BA72D2B00366DD6 /* TripModel.swift */; };
		07C885852BA7306A00366DD6 /* TripViewModel.swift in Sources */ = {isa = PBXBuildFile; fileRef = 07C885842BA7306A00366DD6 /* TripViewModel.swift */; };
		07CCE6952BCDCC58001E7D6E /* TravelCompanion.xcdatamodeld in Sources */ = {isa = PBXBuildFile; fileRef = 07CCE6932BCDCC58001E7D6E /* TravelCompanion.xcdatamodeld */; };
		07CCE69B2BCDD179001E7D6E /* Persistence.swift in Sources */ = {isa = PBXBuildFile; fileRef = 07CCE69A2BCDD179001E7D6E /* Persistence.swift */; };
		07CCE6AE2BCF3B6F001E7D6E /* ItineraryItemEntity+CoreDataClass.swift in Sources */ = {isa = PBXBuildFile; fileRef = 07CCE6A82BCF3B6F001E7D6E /* ItineraryItemEntity+CoreDataClass.swift */; };
		07CCE6AF2BCF3B6F001E7D6E /* ItineraryItemEntity+CoreDataProperties.swift in Sources */ = {isa = PBXBuildFile; fileRef = 07CCE6A92BCF3B6F001E7D6E /* ItineraryItemEntity+CoreDataProperties.swift */; };
		07CCE6B02BCF3B6F001E7D6E /* TripEntity+CoreDataClass.swift in Sources */ = {isa = PBXBuildFile; fileRef = 07CCE6AA2BCF3B6F001E7D6E /* TripEntity+CoreDataClass.swift */; };
		07CCE6B12BCF3B6F001E7D6E /* TripEntity+CoreDataProperties.swift in Sources */ = {isa = PBXBuildFile; fileRef = 07CCE6AB2BCF3B6F001E7D6E /* TripEntity+CoreDataProperties.swift */; };
		07CCE6B22BCF3B6F001E7D6E /* MessageEntity+CoreDataClass.swift in Sources */ = {isa = PBXBuildFile; fileRef = 07CCE6AC2BCF3B6F001E7D6E /* MessageEntity+CoreDataClass.swift */; };
		07CCE6B32BCF3B6F001E7D6E /* MessageEntity+CoreDataProperties.swift in Sources */ = {isa = PBXBuildFile; fileRef = 07CCE6AD2BCF3B6F001E7D6E /* MessageEntity+CoreDataProperties.swift */; };
/* End PBXBuildFile section */

/* Begin PBXFileReference section */
		079D22462BA69A46006EE736 /* TravelCompanion.app */ = {isa = PBXFileReference; explicitFileType = wrapper.application; includeInIndex = 0; path = TravelCompanion.app; sourceTree = BUILT_PRODUCTS_DIR; };
		079D22492BA69A46006EE736 /* TravelCompanionApp.swift */ = {isa = PBXFileReference; lastKnownFileType = sourcecode.swift; path = TravelCompanionApp.swift; sourceTree = "<group>"; };
		079D224B2BA69A46006EE736 /* ContentView.swift */ = {isa = PBXFileReference; lastKnownFileType = sourcecode.swift; path = ContentView.swift; sourceTree = "<group>"; };
		079D224D2BA69A49006EE736 /* Assets.xcassets */ = {isa = PBXFileReference; lastKnownFileType = folder.assetcatalog; path = Assets.xcassets; sourceTree = "<group>"; };
		079D22502BA69A49006EE736 /* Preview Assets.xcassets */ = {isa = PBXFileReference; lastKnownFileType = folder.assetcatalog; path = "Preview Assets.xcassets"; sourceTree = "<group>"; };
		07A766B62CEC0DE7008A7AAA /* .env */ = {isa = PBXFileReference; lastKnownFileType = text; path = .env; sourceTree = "<group>"; };
		07C885822BA72D2B00366DD6 /* TripModel.swift */ = {isa = PBXFileReference; lastKnownFileType = sourcecode.swift; path = TripModel.swift; sourceTree = "<group>"; };
		07C885842BA7306A00366DD6 /* TripViewModel.swift */ = {isa = PBXFileReference; lastKnownFileType = sourcecode.swift; path = TripViewModel.swift; sourceTree = "<group>"; };
		07CCE6942BCDCC58001E7D6E /* TravelCompanion.xcdatamodel */ = {isa = PBXFileReference; lastKnownFileType = wrapper.xcdatamodel; path = TravelCompanion.xcdatamodel; sourceTree = "<group>"; };
		07CCE69A2BCDD179001E7D6E /* Persistence.swift */ = {isa = PBXFileReference; lastKnownFileType = sourcecode.swift; path = Persistence.swift; sourceTree = "<group>"; };
		07CCE6A82BCF3B6F001E7D6E /* ItineraryItemEntity+CoreDataClass.swift */ = {isa = PBXFileReference; lastKnownFileType = sourcecode.swift; path = "ItineraryItemEntity+CoreDataClass.swift"; sourceTree = "<group>"; };
		07CCE6A92BCF3B6F001E7D6E /* ItineraryItemEntity+CoreDataProperties.swift */ = {isa = PBXFileReference; lastKnownFileType = sourcecode.swift; path = "ItineraryItemEntity+CoreDataProperties.swift"; sourceTree = "<group>"; };
		07CCE6AA2BCF3B6F001E7D6E /* TripEntity+CoreDataClass.swift */ = {isa = PBXFileReference; lastKnownFileType = sourcecode.swift; path = "TripEntity+CoreDataClass.swift"; sourceTree = "<group>"; };
		07CCE6AB2BCF3B6F001E7D6E /* TripEntity+CoreDataProperties.swift */ = {isa = PBXFileReference; lastKnownFileType = sourcecode.swift; path = "TripEntity+CoreDataProperties.swift"; sourceTree = "<group>"; };
		07CCE6AC2BCF3B6F001E7D6E /* MessageEntity+CoreDataClass.swift */ = {isa = PBXFileReference; lastKnownFileType = sourcecode.swift; path = "MessageEntity+CoreDataClass.swift"; sourceTree = "<group>"; };
		07CCE6AD2BCF3B6F001E7D6E /* MessageEntity+CoreDataProperties.swift */ = {isa = PBXFileReference; lastKnownFileType = sourcecode.swift; path = "MessageEntity+CoreDataProperties.swift"; sourceTree = "<group>"; };
/* End PBXFileReference section */

/* Begin PBXFrameworksBuildPhase section */
		079D22432BA69A46006EE736 /* Frameworks */ = {
			isa = PBXFrameworksBuildPhase;
			buildActionMask = 2147483647;
			files = (
				074D7B072CC3091E00E6F897 /* DotEnv in Frameworks */,
			);
			runOnlyForDeploymentPostprocessing = 0;
		};
/* End PBXFrameworksBuildPhase section */

/* Begin PBXGroup section */
		079D223D2BA69A46006EE736 = {
			isa = PBXGroup;
			children = (
				079D22482BA69A46006EE736 /* TravelCompanion */,
				079D22472BA69A46006EE736 /* Products */,
			);
			sourceTree = "<group>";
		};
		079D22472BA69A46006EE736 /* Products */ = {
			isa = PBXGroup;
			children = (
				079D22462BA69A46006EE736 /* TravelCompanion.app */,
			);
			name = Products;
			sourceTree = "<group>";
		};
		079D22482BA69A46006EE736 /* TravelCompanion */ = {
			isa = PBXGroup;
			children = (
				07A766B62CEC0DE7008A7AAA /* .env */,
				079D22492BA69A46006EE736 /* TravelCompanionApp.swift */,
				079D224B2BA69A46006EE736 /* ContentView.swift */,
				07C885842BA7306A00366DD6 /* TripViewModel.swift */,
				07C885822BA72D2B00366DD6 /* TripModel.swift */,
				07CCE69A2BCDD179001E7D6E /* Persistence.swift */,
				07CCE6932BCDCC58001E7D6E /* TravelCompanion.xcdatamodeld */,
				07CCE6A82BCF3B6F001E7D6E /* ItineraryItemEntity+CoreDataClass.swift */,
				07CCE6A92BCF3B6F001E7D6E /* ItineraryItemEntity+CoreDataProperties.swift */,
				07CCE6AA2BCF3B6F001E7D6E /* TripEntity+CoreDataClass.swift */,
				07CCE6AB2BCF3B6F001E7D6E /* TripEntity+CoreDataProperties.swift */,
				07CCE6AC2BCF3B6F001E7D6E /* MessageEntity+CoreDataClass.swift */,
				07CCE6AD2BCF3B6F001E7D6E /* MessageEntity+CoreDataProperties.swift */,
				079D224D2BA69A49006EE736 /* Assets.xcassets */,
				079D224F2BA69A49006EE736 /* Preview Content */,
			);
			path = TravelCompanion;
			sourceTree = "<group>";
		};
		079D224F2BA69A49006EE736 /* Preview Content */ = {
			isa = PBXGroup;
			children = (
				079D22502BA69A49006EE736 /* Preview Assets.xcassets */,
			);
			path = "Preview Content";
			sourceTree = "<group>";
		};
/* End PBXGroup section */

/* Begin PBXNativeTarget section */
		079D22452BA69A46006EE736 /* TravelCompanion */ = {
			isa = PBXNativeTarget;
			buildConfigurationList = 079D22542BA69A49006EE736 /* Build configuration list for PBXNativeTarget "TravelCompanion" */;
			buildPhases = (
				079D22422BA69A46006EE736 /* Sources */,
				079D22432BA69A46006EE736 /* Frameworks */,
				079D22442BA69A46006EE736 /* Resources */,
			);
			buildRules = (
			);
			dependencies = (
			);
			name = TravelCompanion;
			packageProductDependencies = (
				074D7B062CC3091E00E6F897 /* DotEnv */,
			);
			productName = TravelCompanion;
			productReference = 079D22462BA69A46006EE736 /* TravelCompanion.app */;
			productType = "com.apple.product-type.application";
		};
/* End PBXNativeTarget section */

/* Begin PBXProject section */
		079D223E2BA69A46006EE736 /* Project object */ = {
			isa = PBXProject;
			attributes = {
				BuildIndependentTargetsInParallel = 1;
				LastSwiftUpdateCheck = 1530;
				LastUpgradeCheck = 1530;
				TargetAttributes = {
					079D22452BA69A46006EE736 = {
						CreatedOnToolsVersion = 15.3;
					};
				};
			};
			buildConfigurationList = 079D22412BA69A46006EE736 /* Build configuration list for PBXProject "TravelCompanion" */;
			compatibilityVersion = "Xcode 14.0";
			developmentRegion = en;
			hasScannedForEncodings = 0;
			knownRegions = (
				en,
				Base,
			);
			mainGroup = 079D223D2BA69A46006EE736;
			packageReferences = (
				074D7B052CC3091E00E6F897 /* XCRemoteSwiftPackageReference "DotEnv" */,
			);
			productRefGroup = 079D22472BA69A46006EE736 /* Products */;
			projectDirPath = "";
			projectRoot = "";
			targets = (
				079D22452BA69A46006EE736 /* TravelCompanion */,
			);
		};
/* End PBXProject section */

/* Begin PBXResourcesBuildPhase section */
		079D22442BA69A46006EE736 /* Resources */ = {
			isa = PBXResourcesBuildPhase;
			buildActionMask = 2147483647;
			files = (
				079D22512BA69A49006EE736 /* Preview Assets.xcassets in Resources */,
				079D224E2BA69A49006EE736 /* Assets.xcassets in Resources */,
				07A766B72CEC0DE7008A7AAA /* .env in Resources */,
			);
			runOnlyForDeploymentPostprocessing = 0;
		};
/* End PBXResourcesBuildPhase section */

/* Begin PBXSourcesBuildPhase section */
		079D22422BA69A46006EE736 /* Sources */ = {
			isa = PBXSourcesBuildPhase;
			buildActionMask = 2147483647;
			files = (
				079D224C2BA69A46006EE736 /* ContentView.swift in Sources */,
				07C885852BA7306A00366DD6 /* TripViewModel.swift in Sources */,
				07CCE69B2BCDD179001E7D6E /* Persistence.swift in Sources */,
				07CCE6AE2BCF3B6F001E7D6E /* ItineraryItemEntity+CoreDataClass.swift in Sources */,
				07CCE6AF2BCF3B6F001E7D6E /* ItineraryItemEntity+CoreDataProperties.swift in Sources */,
				07CCE6B02BCF3B6F001E7D6E /* TripEntity+CoreDataClass.swift in Sources */,
				07CCE6B12BCF3B6F001E7D6E /* TripEntity+CoreDataProperties.swift in Sources */,
				07CCE6B22BCF3B6F001E7D6E /* MessageEntity+CoreDataClass.swift in Sources */,
				07CCE6B32BCF3B6F001E7D6E /* MessageEntity+CoreDataProperties.swift in Sources */,
				079D224A2BA69A46006EE736 /* TravelCompanionApp.swift in Sources */,
				07CCE6952BCDCC58001E7D6E /* TravelCompanion.xcdatamodeld in Sources */,
				07C885832BA72D2B00366DD6 /* TripModel.swift in Sources */,
			);
			runOnlyForDeploymentPostprocessing = 0;
		};
/* End PBXSourcesBuildPhase section */

/* Begin XCBuildConfiguration section */
		079D22522BA69A49006EE736 /* Debug */ = {
			isa = XCBuildConfiguration;
			buildSettings = {
				ALWAYS_SEARCH_USER_PATHS = NO;
				ASSETCATALOG_COMPILER_GENERATE_SWIFT_ASSET_SYMBOL_EXTENSIONS = YES;
				CLANG_ANALYZER_NONNULL = YES;
				CLANG_ANALYZER_NUMBER_OBJECT_CONVERSION = YES_AGGRESSIVE;
				CLANG_CXX_LANGUAGE_STANDARD = "gnu++20";
				CLANG_ENABLE_MODULES = YES;
				CLANG_ENABLE_OBJC_ARC = YES;
				CLANG_ENABLE_OBJC_WEAK = YES;
				CLANG_WARN_BLOCK_CAPTURE_AUTORELEASING = YES;
				CLANG_WARN_BOOL_CONVERSION = YES;
				CLANG_WARN_COMMA = YES;
				CLANG_WARN_CONSTANT_CONVERSION = YES;
				CLANG_WARN_DEPRECATED_OBJC_IMPLEMENTATIONS = YES;
				CLANG_WARN_DIRECT_OBJC_ISA_USAGE = YES_ERROR;
				CLANG_WARN_DOCUMENTATION_COMMENTS = YES;
				CLANG_WARN_EMPTY_BODY = YES;
				CLANG_WARN_ENUM_CONVERSION = YES;
				CLANG_WARN_INFINITE_RECURSION = YES;
				CLANG_WARN_INT_CONVERSION = YES;
				CLANG_WARN_NON_LITERAL_NULL_CONVERSION = YES;
				CLANG_WARN_OBJC_IMPLICIT_RETAIN_SELF = YES;
				CLANG_WARN_OBJC_LITERAL_CONVERSION = YES;
				CLANG_WARN_OBJC_ROOT_CLASS = YES_ERROR;
				CLANG_WARN_QUOTED_INCLUDE_IN_FRAMEWORK_HEADER = YES;
				CLANG_WARN_RANGE_LOOP_ANALYSIS = YES;
				CLANG_WARN_STRICT_PROTOTYPES = YES;
				CLANG_WARN_SUSPICIOUS_MOVE = YES;
				CLANG_WARN_UNGUARDED_AVAILABILITY = YES_AGGRESSIVE;
				CLANG_WARN_UNREACHABLE_CODE = YES;
				CLANG_WARN__DUPLICATE_METHOD_MATCH = YES;
				COPY_PHASE_STRIP = NO;
				DEBUG_INFORMATION_FORMAT = dwarf;
				ENABLE_STRICT_OBJC_MSGSEND = YES;
				ENABLE_TESTABILITY = YES;
				ENABLE_USER_SCRIPT_SANDBOXING = YES;
				GCC_C_LANGUAGE_STANDARD = gnu17;
				GCC_DYNAMIC_NO_PIC = NO;
				GCC_NO_COMMON_BLOCKS = YES;
				GCC_OPTIMIZATION_LEVEL = 0;
				GCC_PREPROCESSOR_DEFINITIONS = (
					"DEBUG=1",
					"$(inherited)",
				);
				GCC_WARN_64_TO_32_BIT_CONVERSION = YES;
				GCC_WARN_ABOUT_RETURN_TYPE = YES_ERROR;
				GCC_WARN_UNDECLARED_SELECTOR = YES;
				GCC_WARN_UNINITIALIZED_AUTOS = YES_AGGRESSIVE;
				GCC_WARN_UNUSED_FUNCTION = YES;
				GCC_WARN_UNUSED_VARIABLE = YES;
				IPHONEOS_DEPLOYMENT_TARGET = 17.4;
				LOCALIZATION_PREFERS_STRING_CATALOGS = YES;
				MTL_ENABLE_DEBUG_INFO = INCLUDE_SOURCE;
				MTL_FAST_MATH = YES;
				ONLY_ACTIVE_ARCH = YES;
				SDKROOT = iphoneos;
				SWIFT_ACTIVE_COMPILATION_CONDITIONS = "DEBUG $(inherited)";
				SWIFT_OPTIMIZATION_LEVEL = "-Onone";
			};
			name = Debug;
		};
		079D22532BA69A49006EE736 /* Release */ = {
			isa = XCBuildConfiguration;
			buildSettings = {
				ALWAYS_SEARCH_USER_PATHS = NO;
				ASSETCATALOG_COMPILER_GENERATE_SWIFT_ASSET_SYMBOL_EXTENSIONS = YES;
				CLANG_ANALYZER_NONNULL = YES;
				CLANG_ANALYZER_NUMBER_OBJECT_CONVERSION = YES_AGGRESSIVE;
				CLANG_CXX_LANGUAGE_STANDARD = "gnu++20";
				CLANG_ENABLE_MODULES = YES;
				CLANG_ENABLE_OBJC_ARC = YES;
				CLANG_ENABLE_OBJC_WEAK = YES;
				CLANG_WARN_BLOCK_CAPTURE_AUTORELEASING = YES;
				CLANG_WARN_BOOL_CONVERSION = YES;
				CLANG_WARN_COMMA = YES;
				CLANG_WARN_CONSTANT_CONVERSION = YES;
				CLANG_WARN_DEPRECATED_OBJC_IMPLEMENTATIONS = YES;
				CLANG_WARN_DIRECT_OBJC_ISA_USAGE = YES_ERROR;
				CLANG_WARN_DOCUMENTATION_COMMENTS = YES;
				CLANG_WARN_EMPTY_BODY = YES;
				CLANG_WARN_ENUM_CONVERSION = YES;
				CLANG_WARN_INFINITE_RECURSION = YES;
				CLANG_WARN_INT_CONVERSION = YES;
				CLANG_WARN_NON_LITERAL_NULL_CONVERSION = YES;
				CLANG_WARN_OBJC_IMPLICIT_RETAIN_SELF = YES;
				CLANG_WARN_OBJC_LITERAL_CONVERSION = YES;
				CLANG_WARN_OBJC_ROOT_CLASS = YES_ERROR;
				CLANG_WARN_QUOTED_INCLUDE_IN_FRAMEWORK_HEADER = YES;
				CLANG_WARN_RANGE_LOOP_ANALYSIS = YES;
				CLANG_WARN_STRICT_PROTOTYPES = YES;
				CLANG_WARN_SUSPICIOUS_MOVE = YES;
				CLANG_WARN_UNGUARDED_AVAILABILITY = YES_AGGRESSIVE;
				CLANG_WARN_UNREACHABLE_CODE = YES;
				CLANG_WARN__DUPLICATE_METHOD_MATCH = YES;
				COPY_PHASE_STRIP = NO;
				DEBUG_INFORMATION_FORMAT = "dwarf-with-dsym";
				ENABLE_NS_ASSERTIONS = NO;
				ENABLE_STRICT_OBJC_MSGSEND = YES;
				ENABLE_USER_SCRIPT_SANDBOXING = YES;
				GCC_C_LANGUAGE_STANDARD = gnu17;
				GCC_NO_COMMON_BLOCKS = YES;
				GCC_WARN_64_TO_32_BIT_CONVERSION = YES;
				GCC_WARN_ABOUT_RETURN_TYPE = YES_ERROR;
				GCC_WARN_UNDECLARED_SELECTOR = YES;
				GCC_WARN_UNINITIALIZED_AUTOS = YES_AGGRESSIVE;
				GCC_WARN_UNUSED_FUNCTION = YES;
				GCC_WARN_UNUSED_VARIABLE = YES;
				IPHONEOS_DEPLOYMENT_TARGET = 17.4;
				LOCALIZATION_PREFERS_STRING_CATALOGS = YES;
				MTL_ENABLE_DEBUG_INFO = NO;
				MTL_FAST_MATH = YES;
				SDKROOT = iphoneos;
				SWIFT_COMPILATION_MODE = wholemodule;
				VALIDATE_PRODUCT = YES;
			};
			name = Release;
		};
		079D22552BA69A49006EE736 /* Debug */ = {
			isa = XCBuildConfiguration;
			buildSettings = {
				ASSETCATALOG_COMPILER_APPICON_NAME = AppIcon;
				ASSETCATALOG_COMPILER_GLOBAL_ACCENT_COLOR_NAME = AccentColor;
				CODE_SIGN_STYLE = Automatic;
				CURRENT_PROJECT_VERSION = 1;
				DEVELOPMENT_ASSET_PATHS = "\"TravelCompanion/Preview Content\"";
				DEVELOPMENT_TEAM = 2X8XZDJJCV;
				ENABLE_PREVIEWS = YES;
				GENERATE_INFOPLIST_FILE = YES;
				INFOPLIST_KEY_UIApplicationSceneManifest_Generation = YES;
				INFOPLIST_KEY_UIApplicationSupportsIndirectInputEvents = YES;
				INFOPLIST_KEY_UILaunchScreen_Generation = YES;
				INFOPLIST_KEY_UISupportedInterfaceOrientations_iPad = "UIInterfaceOrientationPortrait UIInterfaceOrientationPortraitUpsideDown UIInterfaceOrientationLandscapeLeft UIInterfaceOrientationLandscapeRight";
				INFOPLIST_KEY_UISupportedInterfaceOrientations_iPhone = "UIInterfaceOrientationPortrait UIInterfaceOrientationLandscapeLeft UIInterfaceOrientationLandscapeRight";
				LD_RUNPATH_SEARCH_PATHS = (
					"$(inherited)",
					"@executable_path/Frameworks",
				);
				MARKETING_VERSION = 1.0;
				PRODUCT_BUNDLE_IDENTIFIER = cse335.TravelCompanion;
				PRODUCT_NAME = "$(TARGET_NAME)";
				SWIFT_EMIT_LOC_STRINGS = YES;
				SWIFT_VERSION = 5.0;
				TARGETED_DEVICE_FAMILY = "1,2";
			};
			name = Debug;
		};
		079D22562BA69A49006EE736 /* Release */ = {
			isa = XCBuildConfiguration;
			buildSettings = {
				ASSETCATALOG_COMPILER_APPICON_NAME = AppIcon;
				ASSETCATALOG_COMPILER_GLOBAL_ACCENT_COLOR_NAME = AccentColor;
				CODE_SIGN_STYLE = Automatic;
				CURRENT_PROJECT_VERSION = 1;
				DEVELOPMENT_ASSET_PATHS = "\"TravelCompanion/Preview Content\"";
				DEVELOPMENT_TEAM = 2X8XZDJJCV;
				ENABLE_PREVIEWS = YES;
				GENERATE_INFOPLIST_FILE = YES;
				INFOPLIST_KEY_UIApplicationSceneManifest_Generation = YES;
				INFOPLIST_KEY_UIApplicationSupportsIndirectInputEvents = YES;
				INFOPLIST_KEY_UILaunchScreen_Generation = YES;
				INFOPLIST_KEY_UISupportedInterfaceOrientations_iPad = "UIInterfaceOrientationPortrait UIInterfaceOrientationPortraitUpsideDown UIInterfaceOrientationLandscapeLeft UIInterfaceOrientationLandscapeRight";
				INFOPLIST_KEY_UISupportedInterfaceOrientations_iPhone = "UIInterfaceOrientationPortrait UIInterfaceOrientationLandscapeLeft UIInterfaceOrientationLandscapeRight";
				LD_RUNPATH_SEARCH_PATHS = (
					"$(inherited)",
					"@executable_path/Frameworks",
				);
				MARKETING_VERSION = 1.0;
				PRODUCT_BUNDLE_IDENTIFIER = cse335.TravelCompanion;
				PRODUCT_NAME = "$(TARGET_NAME)";
				SWIFT_EMIT_LOC_STRINGS = YES;
				SWIFT_VERSION = 5.0;
				TARGETED_DEVICE_FAMILY = "1,2";
			};
			name = Release;
		};
/* End XCBuildConfiguration section */

/* Begin XCConfigurationList section */
		079D22412BA69A46006EE736 /* Build configuration list for PBXProject "TravelCompanion" */ = {
			isa = XCConfigurationList;
			buildConfigurations = (
				079D22522BA69A49006EE736 /* Debug */,
				079D22532BA69A49006EE736 /* Release */,
			);
			defaultConfigurationIsVisible = 0;
			defaultConfigurationName = Release;
		};
		079D22542BA69A49006EE736 /* Build configuration list for PBXNativeTarget "TravelCompanion" */ = {
			isa = XCConfigurationList;
			buildConfigurations = (
				079D22552BA69A49006EE736 /* Debug */,
				079D22562BA69A49006EE736 /* Release */,
			);
			defaultConfigurationIsVisible = 0;
			defaultConfigurationName = Release;
		};
/* End XCConfigurationList section */

/* Begin XCRemoteSwiftPackageReference section */
		074D7B052CC3091E00E6F897 /* XCRemoteSwiftPackageReference "DotEnv" */ = {
			isa = XCRemoteSwiftPackageReference;
			repositoryURL = "https://github.com/swiftpackages/DotEnv.git";
			requirement = {
				branch = main;
				kind = branch;
			};
		};
/* End XCRemoteSwiftPackageReference section */

/* Begin XCSwiftPackageProductDependency section */
		074D7B062CC3091E00E6F897 /* DotEnv */ = {
			isa = XCSwiftPackageProductDependency;
			package = 074D7B052CC3091E00E6F897 /* XCRemoteSwiftPackageReference "DotEnv" */;
			productName = DotEnv;
		};
/* End XCSwiftPackageProductDependency section */

/* Begin XCVersionGroup section */
		07CCE6932BCDCC58001E7D6E /* TravelCompanion.xcdatamodeld */ = {
			isa = XCVersionGroup;
			children = (
				07CCE6942BCDCC58001E7D6E /* TravelCompanion.xcdatamodel */,
			);
			currentVersion = 07CCE6942BCDCC58001E7D6E /* TravelCompanion.xcdatamodel */;
			path = TravelCompanion.xcdatamodeld;
			sourceTree = "<group>";
			versionGroupType = wrapper.xcdatamodel;
		};
/* End XCVersionGroup section */
	};
	rootObject = 079D223E2BA69A46006EE736 /* Project object */;
}
